
Microsoft Visual Studio Solution File, Format Version 12.00
# Visual Studio Version 16
VisualStudioVersion = 16.0.30804.86
MinimumVisualStudioVersion = 10.0.40219.1
Project("{FAE04EC0-301F-11D3-BF4B-00C04F79EFBC}") = "CSharpKararYapıları", "CSharpKararYapıları\CSharpKararYapıları.csproj", "{32361C72-029F-4076-85BF-F0BE4A93FE98}"
EndProject
Global
	GlobalSection(SolutionConfigurationPlatforms) = preSolution
		Debug|Any CPU = Debug|Any CPU
		Release|Any CPU = Release|Any CPU
	EndGlobalSection
	GlobalSection(ProjectConfigurationPlatforms) = postSolution
		{32361C72-029F-4076-85BF-F0BE4A93FE98}.Debug|Any CPU.ActiveCfg = Debug|Any CPU
		{32361C72-029F-4076-85BF-F0BE4A93FE98}.Debug|Any CPU.Build.0 = Debug|Any CPU
		{32361C72-029F-4076-85BF-F0BE4A93FE98}.Release|Any CPU.ActiveCfg = Release|Any CPU
		{32361C72-029F-4076-85BF-F0BE4A93FE98}.Release|Any CPU.Build.0 = Release|Any CPU
	EndGlobalSection
	GlobalSection(SolutionProperties) = preSolution
		HideSolutionNode = FALSE
	EndGlobalSection
	GlobalSection(ExtensibilityGlobals) = postSolution
		SolutionGuid = {EB8738D6-605B-470D-B48C-08F08E709F10}
	EndGlobalSection
EndGlobal
